
Microsoft Visual Studio Solution File, Format Version 12.00
# Visual Studio Version 16
VisualStudioVersion = 25.0.1705.5
MinimumVisualStudioVersion = 10.0.40219.1
Project("{FAE04EC0-301F-11D3-BF4B-00C04F79EFBC}") = "SampleApi", "SampleApi.csproj", "{8FBD40A0-6418-458F-B63D-1E4707D27648}"
EndProject
Global
	GlobalSection(SolutionConfigurationPlatforms) = preSolution
		Debug|Any CPU = Debug|Any CPU
		Release|Any CPU = Release|Any CPU
	EndGlobalSection
	GlobalSection(ProjectConfigurationPlatforms) = postSolution
		{8FBD40A0-6418-458F-B63D-1E4707D27648}.Debug|Any CPU.ActiveCfg = Debug|Any CPU
		{8FBD40A0-6418-458F-B63D-1E4707D27648}.Debug|Any CPU.Build.0 = Debug|Any CPU
		{8FBD40A0-6418-458F-B63D-1E4707D27648}.Release|Any CPU.ActiveCfg = Release|Any CPU
		{8FBD40A0-6418-458F-B63D-1E4707D27648}.Release|Any CPU.Build.0 = Release|Any CPU
	EndGlobalSection
	GlobalSection(SolutionProperties) = preSolution
		HideSolutionNode = FALSE
	EndGlobalSection
	GlobalSection(ExtensibilityGlobals) = postSolution
		SolutionGuid = {029EFD67-3A83-4EEB-A11B-F56B52EBD61E}
	EndGlobalSection
EndGlobal
